{
  "nodes": {
    "brew-src": {
      "flake": false,
      "locked": {
        "lastModified": 1785710351,
        "narHash": "sha256-DTL5T9+HlblsnXCEdxRpEo/2NBHD3t48BS7r+PTf090=",
        "owner": "Homebrew",
        "repo": "brew",
        "rev": "7b0f22a4ab77567edef114c8dfc423fb96e2fbaa",
        "type": "github"
      },
      "original": {
        "owner": "Homebrew",
        "ref": "6.0.15",
        "repo": "brew",
        "type": "github"
      }
    },
    "browser-nix": {
      "inputs": {
        "nixpkgs": [
          "nixpkgs"
        ]
      },
      "locked": {
        "lastModified": 1785191931,
        "narHash": "sha256-o/jn1jemXFgGohk8eQVQfSI7P2jsDnSvXsOHSoNiAps=",
        "owner": "Penpen7",
        "repo": "browser.nix",
        "rev": "46de74b2d9ea624fc2f3c6a8d949ee94dfc3f2d0",
        "type": "github"
      },
      "original": {
        "owner": "Penpen7",
        "repo": "browser.nix",
        "type": "github"
      }
    },
    "bun2nix": {
      "inputs": {
        "flake-parts": [
          "llm-agents",
          "flake-parts"
        ],
        "nixpkgs": [
          "llm-agents",
          "nixpkgs"
        ],
        "systems": [
          "llm-agents",
          "systems"
        ],
        "treefmt-nix": [
          "llm-agents",
          "treefmt-nix"
        ]
      },
      "locked": {
        "lastModified": 1784665499,
        "narHash": "sha256-9BMxlTxCCDAeoNLtb1a/st7udtTIJep+wpUzquA29VU=",
        "owner": "nix-community",
        "repo": "bun2nix",
        "rev": "0f2a1f0b6f42cebe3b149bf62d38754c5e0e9729",
        "type": "github"
      },
      "original": {
        "owner": "nix-community",
        "repo": "bun2nix",
        "type": "github"
      }
    },
    "flake-parts": {
      "inputs": {
        "nixpkgs-lib": [
          "llm-agents",
          "nixpkgs"
        ]
      },
      "locked": {
        "lastModified": 1785627969,
        "narHash": "sha256-4dtXQk/NMePegK/nWp5NSeuZKLATItOq61lpEvmXqGw=",
        "owner": "hercules-ci",
        "repo": "flake-parts",
        "rev": "427bf4bd9435fdf21321c8cc628c24efc14c0f7a",
        "type": "github"
      },
      "original": {
        "owner": "hercules-ci",
        "repo": "flake-parts",
        "type": "github"
      }
    },
    "home-manager": {
      "inputs": {
        "nixpkgs": [
          "nixpkgs"
        ]
      },
      "locked": {
        "lastModified": 1786356609,
        "narHash": "sha256-ou8fYz5w9yhXC8YbvvExybFIa19MyW5G/8dEPqa90hM=",
        "owner": "nix-community",
        "repo": "home-manager",
        "rev": "c30c7955cec30d664a9baced6bc0112e263d4647",
        "type": "github"
      },
      "original": {
        "owner": "nix-community",
        "repo": "home-manager",
        "type": "github"
      }
    },
    "homebrew-cask": {
      "flake": false,
      "locked": {
        "lastModified": 1786410708,
        "narHash": "sha256-yqKed1PpSH9L4I4NqN77KQPmbUdQyHgzddPy9WNPZd0=",
        "owner": "homebrew",
        "repo": "homebrew-cask",
        "rev": "86d1605f9196004f0736cfd5e589819b3df04cae",
        "type": "github"
      },
      "original": {
        "owner": "homebrew",
        "repo": "homebrew-cask",
        "type": "github"
      }
    },
    "homebrew-core": {
      "flake": false,
      "locked": {
        "lastModified": 1786409791,
        "narHash": "sha256-RyauujAcUykliV7YLvsfr2/MAeOs5srRAiJeC0Kscig=",
        "owner": "homebrew",
        "repo": "homebrew-core",
        "rev": "6f00a77c724299946d98cc40f2ebc29616e098b4",
        "type": "github"
      },
      "original": {
        "owner": "homebrew",
        "repo": "homebrew-core",
        "type": "github"
      }
    },
    "llm-agents": {
      "inputs": {
        "bun2nix": "bun2nix",
        "flake-parts": "flake-parts",
        "nixpkgs": [
          "nixpkgs"
        ],
        "systems": "systems",
        "treefmt-nix": "treefmt-nix"
      },
      "locked": {
        "lastModified": 1786409560,
        "narHash": "sha256-AVQf47gVcJZHI8mPHyIcWZcpB3jI/4UzdVimmL79Ris=",
        "owner": "numtide",
        "repo": "llm-agents.nix",
        "rev": "1f2ee1ae801d5ba4195b81ff2ff2c2429f3a9baf",
        "type": "github"
      },
      "original": {
        "owner": "numtide",
        "repo": "llm-agents.nix",
        "type": "github"
      }
    },
    "nix-darwin": {
      "inputs": {
        "nixpkgs": [
          "nixpkgs"
        ]
      },
      "locked": {
        "lastModified": 1785389976,
        "narHash": "sha256-0tLW8Ff5yt8AH97jw4ZpFJ0OCJ122zIlgWGDmOfU/VU=",
        "owner": "LnL7",
        "repo": "nix-darwin",
        "rev": "15abb8c98f336cd8bd840d71059adebabe60bf04",
        "type": "github"
      },
      "original": {
        "owner": "LnL7",
        "repo": "nix-darwin",
        "type": "github"
      }
    },
    "nix-homebrew": {
      "inputs": {
        "brew-src": "brew-src"
      },
      "locked": {
        "lastModified": 1786217209,
        "narHash": "sha256-rusAj5QBnbSwXG6csns6dwxTeCOGRcj08VmlnhUQ6ZY=",
        "owner": "zhaofengli",
        "repo": "nix-homebrew",
        "rev": "486357ea434dc0061ea52121ff99b1d33096c811",
        "type": "github"
      },
      "original": {
        "owner": "zhaofengli",
        "repo": "nix-homebrew",
        "type": "github"
      }
    },
    "nix-vscode-extensions": {
      "inputs": {
        "nixpkgs": [
          "nixpkgs"
        ]
      },
      "locked": {
        "lastModified": 1786328173,
        "narHash": "sha256-ghZYtP08BstfBD3keiUHM5KupIRY3+YS+naBsFPtGzc=",
        "owner": "nix-community",
        "repo": "nix-vscode-extensions",
        "rev": "f5911382d78f7d739197702509b83d790d592cea",
        "type": "github"
      },
      "original": {
        "owner": "nix-community",
        "repo": "nix-vscode-extensions",
        "type": "github"
      }
    },
    "nixpkgs": {
      "locked": {
        "lastModified": 1786098110,
        "narHash": "sha256-shi1tjDhCGGd0kIgVPNY03V8NBWSTzhMSFDb7IqSoec=",
        "owner": "nixos",
        "repo": "nixpkgs",
        "rev": "afb4584a80bbf779ce0f691509ff902d188c2b3d",
        "type": "github"
      },
      "original": {
        "owner": "nixos",
        "ref": "nixpkgs-unstable",
        "repo": "nixpkgs",
        "type": "github"
      }
    },
    "nvim-config": {
      "inputs": {
        "nixpkgs": [
          "nixpkgs"
        ]
      },
      "locked": {
        "path": "./nvim-config",
        "type": "path"
      },
      "original": {
        "path": "./nvim-config",
        "type": "path"
      },
      "parent": []
    },
    "root": {
      "inputs": {
        "browser-nix": "browser-nix",
        "home-manager": "home-manager",
        "homebrew-cask": "homebrew-cask",
        "homebrew-core": "homebrew-core",
        "llm-agents": "llm-agents",
        "nix-darwin": "nix-darwin",
        "nix-homebrew": "nix-homebrew",
        "nix-vscode-extensions": "nix-vscode-extensions",
        "nixpkgs": "nixpkgs",
        "nvim-config": "nvim-config",
        "rust-overlay": "rust-overlay"
      }
    },
    "rust-overlay": {
      "inputs": {
        "nixpkgs": [
          "nixpkgs"
        ]
      },
      "locked": {
        "lastModified": 1786334499,
        "narHash": "sha256-g63bW8kYMVhJSncbPuqc1ugbd5ZL3YU3ieEVeaBq/0k=",
        "owner": "oxalica",
        "repo": "rust-overlay",
        "rev": "2cb7cad89f0326df860ca399e209352ba6a19ef9",
        "type": "github"
      },
      "original": {
        "owner": "oxalica",
        "repo": "rust-overlay",
        "type": "github"
      }
    },
    "systems": {
      "locked": {
        "lastModified": 1681028828,
        "narHash": "sha256-Vy1rq5AaRuLzOxct8nz4T6wlgyUR7zLU309k9mBC768=",
        "owner": "nix-systems",
        "repo": "default",
        "rev": "da67096a3b9bf56a91d16901293e51ba5b49a27e",
        "type": "github"
      },
      "original": {
        "owner": "nix-systems",
        "repo": "default",
        "type": "github"
      }
    },
    "treefmt-nix": {
      "inputs": {
        "nixpkgs": [
          "llm-agents",
          "nixpkgs"
        ]
      },
      "locked": {
        "lastModified": 1785945821,
        "narHash": "sha256-NLSyTCW4K4ofhNBllt3omPasm6QpralXH1DBZOc91Dw=",
        "owner": "numtide",
        "repo": "treefmt-nix",
        "rev": "ae7910970dddc408fe6ab1c8e4b277bb21d72dc0",
        "type": "github"
      },
      "original": {
        "owner": "numtide",
        "repo": "treefmt-nix",
        "type": "github"
      }
    }
  },
  "root": "root",
  "version": 7
}
